
Microsoft Visual Studio Solution File, Format Version 12.00
# Visual Studio Version 17
VisualStudioVersion = 17.13.35919.96
MinimumVisualStudioVersion = 10.0.40219.1
Project("{FAE04EC0-301F-11D3-BF4B-00C04F79EFBC}") = "TeamListForm", "TeamListForm\TeamListForm.csproj", "{ABFA57D9-EC42-4509-B09E-C985D1CAD536}"
EndProject
Global
	GlobalSection(SolutionConfigurationPlatforms) = preSolution
		Debug|Any CPU = Debug|Any CPU
		Release|Any CPU = Release|Any CPU
	EndGlobalSection
	GlobalSection(ProjectConfigurationPlatforms) = postSolution
		{ABFA57D9-EC42-4509-B09E-C985D1CAD536}.Debug|Any CPU.ActiveCfg = Debug|Any CPU
		{ABFA57D9-EC42-4509-B09E-C985D1CAD536}.Debug|Any CPU.Build.0 = Debug|Any CPU
		{ABFA57D9-EC42-4509-B09E-C985D1CAD536}.Release|Any CPU.ActiveCfg = Release|Any CPU
		{ABFA57D9-EC42-4509-B09E-C985D1CAD536}.Release|Any CPU.Build.0 = Release|Any CPU
	EndGlobalSection
	GlobalSection(SolutionProperties) = preSolution
		HideSolutionNode = FALSE
	EndGlobalSection
	GlobalSection(ExtensibilityGlobals) = postSolution
		SolutionGuid = {1883E453-0C89-4B19-B2C3-6B11B986DED9}
	EndGlobalSection
EndGlobal
